{
    "_readme": [
        "This file locks the dependencies of your project to a known state",
        "Read more about it at https://getcomposer.org/doc/01-basic-usage.md#composer-lock-the-lock-file",
        "This file is @generated automatically"
    ],
    "hash": "01f42cfdab308867dbdd6ab0b1a2deaf",
    "content-hash": "418c3cdd1366816ad4ca86e653cd9179",
    "packages": [
        {
            "name": "jbbcode/jbbcode",
            "version": "v1.3.0",
            "source": {
                "type": "git",
                "url": "https://github.com/jbowens/jBBCode.git",
                "reference": "645b6a1c0afa92b7d029d3417ebd8b60a5c578b3"
            },
            "dist": {
                "type": "zip",
                "url": "https://api.github.com/repos/jbowens/jBBCode/zipball/645b6a1c0afa92b7d029d3417ebd8b60a5c578b3",
                "reference": "645b6a1c0afa92b7d029d3417ebd8b60a5c578b3",
                "shasum": ""
            },
            "require": {
                "php": ">=5.3.0"
            },
            "require-dev": {
                "phpunit/phpunit": "3.7.*"
            },
            "type": "library",
            "autoload": {
                "psr-0": {
                    "JBBCode": "."
                }
            },
            "notification-url": "https://packagist.org/downloads/",
            "license": [
                "MIT"
            ],
            "authors": [
                {
                    "name": "Jackson Owens",
                    "email": "jackson_owens@alumni.brown.edu",
                    "homepage": "http://jbowens.org/",
                    "role": "Developer"
                }
            ],
            "description": "A lightweight but extensible BBCode parser written in PHP 5.3.",
            "homepage": "http://jbbcode.com/",
            "keywords": [
                "BB",
                "bbcode"
            ],
            "time": "2014-07-06 05:48:20"
        }
    ],
    "packages-dev": [],
    "aliases": [],
    "minimum-stability": "stable",
    "stability-flags": [],
    "prefer-stable": false,
    "prefer-lowest": false,
    "platform": {
        "php": ">=5.5"
    },
    "platform-dev": [],
    "platform-overrides": {
        "php": "5.5"
    }
}
