{
  "name": "tarteaucitron-custom-build",
  "version": "0.0.1",
  "lockfileVersion": 2,
  "requires": true,
  "packages": {
    "": {
      "name": "tarteaucitron-custom-build",
      "version": "0.0.1",
      "license": "MIT",
      "dependencies": {
        "tarteaucitronjs": "^1.20.2"
      }
    },
    "node_modules/tarteaucitronjs": {
      "version": "1.20.2",
      "resolved": "https://registry.npmjs.org/tarteaucitronjs/-/tarteaucitronjs-1.20.2.tgz",
      "integrity": "sha512-pcsmzF/a2g7XsjKKlT5iMJdC5ne4OH2F/vrRg5qdIfvxQADYTpD8z6J+srOsO++dwI6a7loKh3hDxdKV11uEEQ==",
      "license": "MIT"
    }
  },
  "dependencies": {
    "tarteaucitronjs": {
      "version": "1.20.2",
      "resolved": "https://registry.npmjs.org/tarteaucitronjs/-/tarteaucitronjs-1.20.2.tgz",
      "integrity": "sha512-pcsmzF/a2g7XsjKKlT5iMJdC5ne4OH2F/vrRg5qdIfvxQADYTpD8z6J+srOsO++dwI6a7loKh3hDxdKV11uEEQ=="
    }
  }
}
