{
  "name": "tarteaucitron-custom-build",
  "version": "0.0.1",
  "lockfileVersion": 3,
  "requires": true,
  "packages": {
    "": {
      "name": "tarteaucitron-custom-build",
      "version": "0.0.1",
      "license": "MIT",
      "dependencies": {
        "tarteaucitronjs": "^1.34.0"
      }
    },
    "node_modules/tarteaucitronjs": {
      "version": "1.34.0",
      "resolved": "https://registry.npmjs.org/tarteaucitronjs/-/tarteaucitronjs-1.34.0.tgz",
      "integrity": "sha512-PEzKEjOLC06zCWSZB1RuQkSlzbDYXSKohv0XD7BMjgfE/M+LhiWLTdNAj47VW9xcVsuQCSvLpR/gqkripHaU6g==",
      "license": "MIT"
    }
  }
}
