{
  "name": "tarteaucitron-custom-build",
  "version": "0.0.1",
  "lockfileVersion": 2,
  "requires": true,
  "packages": {
    "": {
      "name": "tarteaucitron-custom-build",
      "version": "0.0.1",
      "license": "MIT",
      "dependencies": {
        "tarteaucitronjs": "^1.20.1"
      }
    },
    "node_modules/tarteaucitronjs": {
      "version": "1.20.1",
      "resolved": "https://registry.npmjs.org/tarteaucitronjs/-/tarteaucitronjs-1.20.1.tgz",
      "integrity": "sha512-esCeokXr7/AE8CRkzodtozJP/20dtvh0Jlm55ykdPREM0btE1SH/5bOzbsmZ347lhNUZ5DRgswa+z11FxNtQMg==",
      "license": "MIT"
    }
  },
  "dependencies": {
    "tarteaucitronjs": {
      "version": "1.20.1",
      "resolved": "https://registry.npmjs.org/tarteaucitronjs/-/tarteaucitronjs-1.20.1.tgz",
      "integrity": "sha512-esCeokXr7/AE8CRkzodtozJP/20dtvh0Jlm55ykdPREM0btE1SH/5bOzbsmZ347lhNUZ5DRgswa+z11FxNtQMg=="
    }
  }
}
